github.com/creack/pty v1.1.11 h1:07n33Z8lZxZ2qwegKbObQohDhXDQxiMMz1NOUGYlesw=
github.com/creack/pty v1.1.11/go.mod h1:oKZEueFk5CKHvIhNR5MUki03XCEU+Q6VDXinZuGJ33E=
golang.org/x/sys v0.0.0-20201119102817-f84b799fce68 h1:nxC68pudNYkKU6jWhgrqdreuFiOQWj1Fs7T3VrH4Pjw=
golang.org/x/sys v0.0.0-20201119102817-f84b799fce68/go.mod h1:h1NjWce9XRLGQEsW7wpKNCjG9DtNlClVuFLEZdDNbEs=
golang.org/x/term v0.0.0-20210406210042-72f3dc4e9b72 h1:VqE9gduFZ4dbR7XoL77lHFp0/DyDUBKSXK7CMFkVcV0=
golang.org/x/term v0.0.0-20210406210042-72f3dc4e9b72/go.mod h1:bj7SfCRtBDWHUb9snDiAeCFNEtKQo2Wmx5Cou7ajbmo=
